
Microsoft Visual Studio Solution File, Format Version 12.00
# Visual Studio 14
VisualStudioVersion = 14.0.25420.1
MinimumVisualStudioVersion = 10.0.40219.1
Project("{FAE04EC0-301F-11D3-BF4B-00C04F79EFBC}") = "XFigure", "XFigure\XFigure.csproj", "{908D12B6-5615-4D49-8255-5582DDD81207}"
EndProject
Project("{FAE04EC0-301F-11D3-BF4B-00C04F79EFBC}") = "VaporStore", "VaporStore\VaporStore.csproj", "{3CB2B351-61C9-4313-ADE8-C04A59AC4F13}"
EndProject
Project("{FAE04EC0-301F-11D3-BF4B-00C04F79EFBC}") = "Megapixels", "Megapixels\Megapixels.csproj", "{93612FCD-0912-49F2-BB70-127ECFEBC8DB}"
EndProject
Project("{FAE04EC0-301F-11D3-BF4B-00C04F79EFBC}") = "PhotoGallery", "PhotoGallery\PhotoGallery.csproj", "{F9A06679-47C8-44BE-9016-6225BE85CF99}"
EndProject
Project("{FAE04EC0-301F-11D3-BF4B-00C04F79EFBC}") = "BPMCounter", "BPMCounter\BPMCounter.csproj", "{F851D2A9-0A67-4BB6-A219-418615932164}"
EndProject
Project("{FAE04EC0-301F-11D3-BF4B-00C04F79EFBC}") = "DNASequences", "DNASequences\DNASequences.csproj", "{54290FC3-C826-4187-8DF4-8AF843980C27}"
EndProject
Project("{FAE04EC0-301F-11D3-BF4B-00C04F79EFBC}") = "TrainingHallEquipment", "TrainingHallEquipment\TrainingHallEquipment.csproj", "{7FECEB9B-EFA8-4334-989E-8400779F4DB9}"
EndProject
Project("{FAE04EC0-301F-11D3-BF4B-00C04F79EFBC}") = "SMSTyping", "SMSTyping\SMSTyping.csproj", "{E559C616-E813-410D-A984-4E073E186334}"
EndProject
Global
	GlobalSection(SolutionConfigurationPlatforms) = preSolution
		Debug|Any CPU = Debug|Any CPU
		Release|Any CPU = Release|Any CPU
	EndGlobalSection
	GlobalSection(ProjectConfigurationPlatforms) = postSolution
		{908D12B6-5615-4D49-8255-5582DDD81207}.Debug|Any CPU.ActiveCfg = Debug|Any CPU
		{908D12B6-5615-4D49-8255-5582DDD81207}.Debug|Any CPU.Build.0 = Debug|Any CPU
		{908D12B6-5615-4D49-8255-5582DDD81207}.Release|Any CPU.ActiveCfg = Release|Any CPU
		{908D12B6-5615-4D49-8255-5582DDD81207}.Release|Any CPU.Build.0 = Release|Any CPU
		{3CB2B351-61C9-4313-ADE8-C04A59AC4F13}.Debug|Any CPU.ActiveCfg = Debug|Any CPU
		{3CB2B351-61C9-4313-ADE8-C04A59AC4F13}.Debug|Any CPU.Build.0 = Debug|Any CPU
		{3CB2B351-61C9-4313-ADE8-C04A59AC4F13}.Release|Any CPU.ActiveCfg = Release|Any CPU
		{3CB2B351-61C9-4313-ADE8-C04A59AC4F13}.Release|Any CPU.Build.0 = Release|Any CPU
		{93612FCD-0912-49F2-BB70-127ECFEBC8DB}.Debug|Any CPU.ActiveCfg = Debug|Any CPU
		{93612FCD-0912-49F2-BB70-127ECFEBC8DB}.Debug|Any CPU.Build.0 = Debug|Any CPU
		{93612FCD-0912-49F2-BB70-127ECFEBC8DB}.Release|Any CPU.ActiveCfg = Release|Any CPU
		{93612FCD-0912-49F2-BB70-127ECFEBC8DB}.Release|Any CPU.Build.0 = Release|Any CPU
		{F9A06679-47C8-44BE-9016-6225BE85CF99}.Debug|Any CPU.ActiveCfg = Debug|Any CPU
		{F9A06679-47C8-44BE-9016-6225BE85CF99}.Debug|Any CPU.Build.0 = Debug|Any CPU
		{F9A06679-47C8-44BE-9016-6225BE85CF99}.Release|Any CPU.ActiveCfg = Release|Any CPU
		{F9A06679-47C8-44BE-9016-6225BE85CF99}.Release|Any CPU.Build.0 = Release|Any CPU
		{F851D2A9-0A67-4BB6-A219-418615932164}.Debug|Any CPU.ActiveCfg = Debug|Any CPU
		{F851D2A9-0A67-4BB6-A219-418615932164}.Debug|Any CPU.Build.0 = Debug|Any CPU
		{F851D2A9-0A67-4BB6-A219-418615932164}.Release|Any CPU.ActiveCfg = Release|Any CPU
		{F851D2A9-0A67-4BB6-A219-418615932164}.Release|Any CPU.Build.0 = Release|Any CPU
		{54290FC3-C826-4187-8DF4-8AF843980C27}.Debug|Any CPU.ActiveCfg = Debug|Any CPU
		{54290FC3-C826-4187-8DF4-8AF843980C27}.Debug|Any CPU.Build.0 = Debug|Any CPU
		{54290FC3-C826-4187-8DF4-8AF843980C27}.Release|Any CPU.ActiveCfg = Release|Any CPU
		{54290FC3-C826-4187-8DF4-8AF843980C27}.Release|Any CPU.Build.0 = Release|Any CPU
		{7FECEB9B-EFA8-4334-989E-8400779F4DB9}.Debug|Any CPU.ActiveCfg = Debug|Any CPU
		{7FECEB9B-EFA8-4334-989E-8400779F4DB9}.Debug|Any CPU.Build.0 = Debug|Any CPU
		{7FECEB9B-EFA8-4334-989E-8400779F4DB9}.Release|Any CPU.ActiveCfg = Release|Any CPU
		{7FECEB9B-EFA8-4334-989E-8400779F4DB9}.Release|Any CPU.Build.0 = Release|Any CPU
		{E559C616-E813-410D-A984-4E073E186334}.Debug|Any CPU.ActiveCfg = Debug|Any CPU
		{E559C616-E813-410D-A984-4E073E186334}.Debug|Any CPU.Build.0 = Debug|Any CPU
		{E559C616-E813-410D-A984-4E073E186334}.Release|Any CPU.ActiveCfg = Release|Any CPU
		{E559C616-E813-410D-A984-4E073E186334}.Release|Any CPU.Build.0 = Release|Any CPU
	EndGlobalSection
	GlobalSection(SolutionProperties) = preSolution
		HideSolutionNode = FALSE
	EndGlobalSection
EndGlobal
