
Microsoft Visual Studio Solution File, Format Version 12.00
# Visual Studio 14
VisualStudioVersion = 14.0.25420.1
MinimumVisualStudioVersion = 10.0.40219.1
Project("{FAE04EC0-301F-11D3-BF4B-00C04F79EFBC}") = "Greeting", "Greeting\Greeting.csproj", "{F148F144-2460-4DAD-B42B-88E9D62A79D6}"
EndProject
Project("{FAE04EC0-301F-11D3-BF4B-00C04F79EFBC}") = "AddTwoNumbers", "AddTwoNumbers\AddTwoNumbers.csproj", "{DE8C39BF-BE34-4159-ABDB-D6F1E1B69509}"
EndProject
Project("{FAE04EC0-301F-11D3-BF4B-00C04F79EFBC}") = "EmployeeData", "EmployeeData\EmployeeData.csproj", "{69AFC21E-7A9B-4660-A86A-757AC17A341C}"
EndProject
Project("{FAE04EC0-301F-11D3-BF4B-00C04F79EFBC}") = "DebitCardNumber", "DebitCardNumber\DebitCardNumber.csproj", "{5F94B520-D527-461F-9EC6-40A7972D1AE6}"
EndProject
Project("{FAE04EC0-301F-11D3-BF4B-00C04F79EFBC}") = "RectangleArea", "RectangleArea\RectangleArea.csproj", "{FBB0F35E-B78F-4948-8CFA-C59C782FE587}"
EndProject
Project("{FAE04EC0-301F-11D3-BF4B-00C04F79EFBC}") = "MilesToKilometers", "MilesToKilometers\MilesToKilometers.csproj", "{F2FD2E7C-50A5-429D-9140-A826453A7015}"
EndProject
Project("{FAE04EC0-301F-11D3-BF4B-00C04F79EFBC}") = "BeverageLabels", "BeverageLabels\BeverageLabels.csproj", "{E901200A-EFD4-45E1-9474-9D1DFE1B051D}"
EndProject
Project("{FAE04EC0-301F-11D3-BF4B-00C04F79EFBC}") = "CharacterStars", "CharacterStars\CharacterStars.csproj", "{E5A388AD-92E8-41F3-B922-2DFCB2C2AD50}"
EndProject
Global
	GlobalSection(SolutionConfigurationPlatforms) = preSolution
		Debug|Any CPU = Debug|Any CPU
		Release|Any CPU = Release|Any CPU
	EndGlobalSection
	GlobalSection(ProjectConfigurationPlatforms) = postSolution
		{F148F144-2460-4DAD-B42B-88E9D62A79D6}.Debug|Any CPU.ActiveCfg = Debug|Any CPU
		{F148F144-2460-4DAD-B42B-88E9D62A79D6}.Debug|Any CPU.Build.0 = Debug|Any CPU
		{F148F144-2460-4DAD-B42B-88E9D62A79D6}.Release|Any CPU.ActiveCfg = Release|Any CPU
		{F148F144-2460-4DAD-B42B-88E9D62A79D6}.Release|Any CPU.Build.0 = Release|Any CPU
		{DE8C39BF-BE34-4159-ABDB-D6F1E1B69509}.Debug|Any CPU.ActiveCfg = Debug|Any CPU
		{DE8C39BF-BE34-4159-ABDB-D6F1E1B69509}.Debug|Any CPU.Build.0 = Debug|Any CPU
		{DE8C39BF-BE34-4159-ABDB-D6F1E1B69509}.Release|Any CPU.ActiveCfg = Release|Any CPU
		{DE8C39BF-BE34-4159-ABDB-D6F1E1B69509}.Release|Any CPU.Build.0 = Release|Any CPU
		{69AFC21E-7A9B-4660-A86A-757AC17A341C}.Debug|Any CPU.ActiveCfg = Debug|Any CPU
		{69AFC21E-7A9B-4660-A86A-757AC17A341C}.Debug|Any CPU.Build.0 = Debug|Any CPU
		{69AFC21E-7A9B-4660-A86A-757AC17A341C}.Release|Any CPU.ActiveCfg = Release|Any CPU
		{69AFC21E-7A9B-4660-A86A-757AC17A341C}.Release|Any CPU.Build.0 = Release|Any CPU
		{5F94B520-D527-461F-9EC6-40A7972D1AE6}.Debug|Any CPU.ActiveCfg = Debug|Any CPU
		{5F94B520-D527-461F-9EC6-40A7972D1AE6}.Debug|Any CPU.Build.0 = Debug|Any CPU
		{5F94B520-D527-461F-9EC6-40A7972D1AE6}.Release|Any CPU.ActiveCfg = Release|Any CPU
		{5F94B520-D527-461F-9EC6-40A7972D1AE6}.Release|Any CPU.Build.0 = Release|Any CPU
		{FBB0F35E-B78F-4948-8CFA-C59C782FE587}.Debug|Any CPU.ActiveCfg = Debug|Any CPU
		{FBB0F35E-B78F-4948-8CFA-C59C782FE587}.Debug|Any CPU.Build.0 = Debug|Any CPU
		{FBB0F35E-B78F-4948-8CFA-C59C782FE587}.Release|Any CPU.ActiveCfg = Release|Any CPU
		{FBB0F35E-B78F-4948-8CFA-C59C782FE587}.Release|Any CPU.Build.0 = Release|Any CPU
		{F2FD2E7C-50A5-429D-9140-A826453A7015}.Debug|Any CPU.ActiveCfg = Debug|Any CPU
		{F2FD2E7C-50A5-429D-9140-A826453A7015}.Debug|Any CPU.Build.0 = Debug|Any CPU
		{F2FD2E7C-50A5-429D-9140-A826453A7015}.Release|Any CPU.ActiveCfg = Release|Any CPU
		{F2FD2E7C-50A5-429D-9140-A826453A7015}.Release|Any CPU.Build.0 = Release|Any CPU
		{E901200A-EFD4-45E1-9474-9D1DFE1B051D}.Debug|Any CPU.ActiveCfg = Debug|Any CPU
		{E901200A-EFD4-45E1-9474-9D1DFE1B051D}.Debug|Any CPU.Build.0 = Debug|Any CPU
		{E901200A-EFD4-45E1-9474-9D1DFE1B051D}.Release|Any CPU.ActiveCfg = Release|Any CPU
		{E901200A-EFD4-45E1-9474-9D1DFE1B051D}.Release|Any CPU.Build.0 = Release|Any CPU
		{E5A388AD-92E8-41F3-B922-2DFCB2C2AD50}.Debug|Any CPU.ActiveCfg = Debug|Any CPU
		{E5A388AD-92E8-41F3-B922-2DFCB2C2AD50}.Debug|Any CPU.Build.0 = Debug|Any CPU
		{E5A388AD-92E8-41F3-B922-2DFCB2C2AD50}.Release|Any CPU.ActiveCfg = Release|Any CPU
		{E5A388AD-92E8-41F3-B922-2DFCB2C2AD50}.Release|Any CPU.Build.0 = Release|Any CPU
	EndGlobalSection
	GlobalSection(SolutionProperties) = preSolution
		HideSolutionNode = FALSE
	EndGlobalSection
EndGlobal
